// !$*UTF8*$!
{
	archiveVersion = 1;
	classes = {
	};
	objectVersion = 51;
	objects = {

/* Begin PBXBuildFile section */
		0BFFD8C377510DE7EAD357B9 /* Pods_BlackMarket_BlackMarketUITests.framework in Frameworks */ = {isa = PBXBuildFile; fileRef = 63DE919A531EDB41F50F2207 /* Pods_BlackMarket_BlackMarketUITests.framework */; };
		47060D1525E5CE4000692096 /* AuthService.swift in Sources */ = {isa = PBXBuildFile; fileRef = 47060D1425E5CE4000692096 /* AuthService.swift */; };
		470E117725E49FD4000F4440 /* GoogleService-Info.plist in Resources */ = {isa = PBXBuildFile; fileRef = 470E117625E49FD4000F4440 /* GoogleService-Info.plist */; };
		471BB5EF25D4C6E4005F4F13 /* AccountInfoController.swift in Sources */ = {isa = PBXBuildFile; fileRef = 471BB5EE25D4C6E4005F4F13 /* AccountInfoController.swift */; };
		47347EB42602E603000A482E /* UploadItemService.swift in Sources */ = {isa = PBXBuildFile; fileRef = 47347EB32602E603000A482E /* UploadItemService.swift */; };
		47347F082602EB59000A482E /* API_Constant.swift in Sources */ = {isa = PBXBuildFile; fileRef = 47347F072602EB59000A482E /* API_Constant.swift */; };
		4734816E2603BF39000A482E /* UserService.swift in Sources */ = {isa = PBXBuildFile; fileRef = 4734816D2603BF39000A482E /* UserService.swift */; };
		473481732603BF68000A482E /* User.swift in Sources */ = {isa = PBXBuildFile; fileRef = 473481722603BF68000A482E /* User.swift */; };
		473481982603CAC8000A482E /* HeaderViewModel.swift in Sources */ = {isa = PBXBuildFile; fileRef = 473481972603CAC8000A482E /* HeaderViewModel.swift */; };
		475460DE25FAF9390067B97E /* ImageContainerViewCell.swift in Sources */ = {isa = PBXBuildFile; fileRef = 475460DD25FAF9390067B97E /* ImageContainerViewCell.swift */; };
		475460F225FB03DC0067B97E /* ImagePicker.swift in Sources */ = {isa = PBXBuildFile; fileRef = 475460F125FB03DC0067B97E /* ImagePicker.swift */; };
		4791869A25F7293600BD2CBF /* StackScrollView.swift in Sources */ = {isa = PBXBuildFile; fileRef = 4791869925F7293600BD2CBF /* StackScrollView.swift */; };
		4791869F25F7C8DB00BD2CBF /* CustomInputAccessoryView.swift in Sources */ = {isa = PBXBuildFile; fileRef = 4791869E25F7C8DB00BD2CBF /* CustomInputAccessoryView.swift */; };
		4794FA1F25C8EAAB005C2284 /* AppDelegate.swift in Sources */ = {isa = PBXBuildFile; fileRef = 4794FA1E25C8EAAB005C2284 /* AppDelegate.swift */; };
		4794FA2125C8EAAB005C2284 /* SceneDelegate.swift in Sources */ = {isa = PBXBuildFile; fileRef = 4794FA2025C8EAAB005C2284 /* SceneDelegate.swift */; };
		4794FA2625C8EAAB005C2284 /* Main.storyboard in Resources */ = {isa = PBXBuildFile; fileRef = 4794FA2425C8EAAB005C2284 /* Main.storyboard */; };
		4794FA2825C8EAAD005C2284 /* Assets.xcassets in Resources */ = {isa = PBXBuildFile; fileRef = 4794FA2725C8EAAD005C2284 /* Assets.xcassets */; };
		4794FA2B25C8EAAD005C2284 /* LaunchScreen.storyboard in Resources */ = {isa = PBXBuildFile; fileRef = 4794FA2925C8EAAD005C2284 /* LaunchScreen.storyboard */; };
		4794FA3625C8EAAE005C2284 /* BlackMarketTests.swift in Sources */ = {isa = PBXBuildFile; fileRef = 4794FA3525C8EAAE005C2284 /* BlackMarketTests.swift */; };
		4794FA4125C8EAAE005C2284 /* BlackMarketUITests.swift in Sources */ = {isa = PBXBuildFile; fileRef = 4794FA4025C8EAAE005C2284 /* BlackMarketUITests.swift */; };
		4794FA5625C8EC1A005C2284 /* CustomLabel.swift in Sources */ = {isa = PBXBuildFile; fileRef = 4794FA5525C8EC1A005C2284 /* CustomLabel.swift */; };
		4794FA5E25C8EC42005C2284 /* CustomTextField.swift in Sources */ = {isa = PBXBuildFile; fileRef = 4794FA5D25C8EC42005C2284 /* CustomTextField.swift */; };
		4794FA6325C8EC8A005C2284 /* Extension.swift in Sources */ = {isa = PBXBuildFile; fileRef = 4794FA6225C8EC8A005C2284 /* Extension.swift */; };
		4794FA6825C8ECBB005C2284 /* CustomButton.swift in Sources */ = {isa = PBXBuildFile; fileRef = 4794FA6725C8ECBB005C2284 /* CustomButton.swift */; };
		4794FA6D25C8ECDB005C2284 /* CustomDontHaveAccountButton.swift in Sources */ = {isa = PBXBuildFile; fileRef = 4794FA6C25C8ECDB005C2284 /* CustomDontHaveAccountButton.swift */; };
		4794FA7225C8ED07005C2284 /* DividerView.swift in Sources */ = {isa = PBXBuildFile; fileRef = 4794FA7125C8ED07005C2284 /* DividerView.swift */; };
		4794FA7725C8ED27005C2284 /* CustomView.swift in Sources */ = {isa = PBXBuildFile; fileRef = 4794FA7625C8ED27005C2284 /* CustomView.swift */; };
		4794FA7C25C8ED52005C2284 /* CategoryCell.swift in Sources */ = {isa = PBXBuildFile; fileRef = 4794FA7B25C8ED52005C2284 /* CategoryCell.swift */; };
		4794FA8125C8ED7F005C2284 /* FeedCell.swift in Sources */ = {isa = PBXBuildFile; fileRef = 4794FA8025C8ED7F005C2284 /* FeedCell.swift */; };
		4794FA8D25C8EE07005C2284 /* LoginController.swift in Sources */ = {isa = PBXBuildFile; fileRef = 4794FA8C25C8EE07005C2284 /* LoginController.swift */; };
		4794FA9525C8EE35005C2284 /* RegistrationController.swift in Sources */ = {isa = PBXBuildFile; fileRef = 4794FA9425C8EE35005C2284 /* RegistrationController.swift */; };
		4794FA9A25C8EE62005C2284 /* RessetPasswordController.swift in Sources */ = {isa = PBXBuildFile; fileRef = 4794FA9925C8EE62005C2284 /* RessetPasswordController.swift */; };
		4794FA9F25C8EE83005C2284 /* MainTabController.swift in Sources */ = {isa = PBXBuildFile; fileRef = 4794FA9E25C8EE83005C2284 /* MainTabController.swift */; };
		4794FAA425C8EEB9005C2284 /* ProfileController.swift in Sources */ = {isa = PBXBuildFile; fileRef = 4794FAA325C8EEB9005C2284 /* ProfileController.swift */; };
		4794FAAC25C8EEE0005C2284 /* PostController.swift in Sources */ = {isa = PBXBuildFile; fileRef = 4794FAAB25C8EEE0005C2284 /* PostController.swift */; };
		4794FAB125C8EF26005C2284 /* FeedController.swift in Sources */ = {isa = PBXBuildFile; fileRef = 4794FAB025C8EF26005C2284 /* FeedController.swift */; };
		4794FAB625C8EF6B005C2284 /* CategoryController.swift in Sources */ = {isa = PBXBuildFile; fileRef = 4794FAB525C8EF6B005C2284 /* CategoryController.swift */; };
		4794FABB25C8EF86005C2284 /* MessageContoller.swift in Sources */ = {isa = PBXBuildFile; fileRef = 4794FABA25C8EF86005C2284 /* MessageContoller.swift */; };
		4794FAC025C8EFB7005C2284 /* AuthenticationViewModel.swift in Sources */ = {isa = PBXBuildFile; fileRef = 4794FABF25C8EFB7005C2284 /* AuthenticationViewModel.swift */; };
		4794FAC525C8EFDB005C2284 /* Constants.swift in Sources */ = {isa = PBXBuildFile; fileRef = 4794FAC425C8EFDB005C2284 /* Constants.swift */; };
		4794FACB25C8F036005C2284 /* CategoryData.swift in Sources */ = {isa = PBXBuildFile; fileRef = 4794FACA25C8F036005C2284 /* CategoryData.swift */; };
		4794FAD325C8F056005C2284 /* DummyData.swift in Sources */ = {isa = PBXBuildFile; fileRef = 4794FAD225C8F056005C2284 /* DummyData.swift */; };
		4797A85D25F1E1D6004E50A9 /* CategoryDetails.swift in Sources */ = {isa = PBXBuildFile; fileRef = 4797A85C25F1E1D6004E50A9 /* CategoryDetails.swift */; };
		4799CCC225FAE8D1008923F7 /* ImageContainer.swift in Sources */ = {isa = PBXBuildFile; fileRef = 4799CCC125FAE8D1008923F7 /* ImageContainer.swift */; };
		479B63A125DB47FC00ED0E6A /* CancelSystemButton.swift in Sources */ = {isa = PBXBuildFile; fileRef = 479B63A025DB47FC00ED0E6A /* CancelSystemButton.swift */; };
		479B63B825DB4CAE00ED0E6A /* PostCustomButton.swift in Sources */ = {isa = PBXBuildFile; fileRef = 479B63B725DB4CAE00ED0E6A /* PostCustomButton.swift */; };
		479B63BD25DCA75300ED0E6A /* ListItemTextField.swift in Sources */ = {isa = PBXBuildFile; fileRef = 479B63BC25DCA75300ED0E6A /* ListItemTextField.swift */; };
		47A4253F25C8FF2D00170854 /* shoppin.json in Resources */ = {isa = PBXBuildFile; fileRef = 47A4253E25C8FF2D00170854 /* shoppin.json */; };
		47A4254825CA5F2600170854 /* ProfileHeader.swift in Sources */ = {isa = PBXBuildFile; fileRef = 47A4254725CA5F2600170854 /* ProfileHeader.swift */; };
		47A4257025CA6AE100170854 /* ProfileViewModel.swift in Sources */ = {isa = PBXBuildFile; fileRef = 47A4256F25CA6AE100170854 /* ProfileViewModel.swift */; };
		47A4257525CA6BCC00170854 /* ProfileCell.swift in Sources */ = {isa = PBXBuildFile; fileRef = 47A4257425CA6BCC00170854 /* ProfileCell.swift */; };
		47A4257A25CA72D100170854 /* ProfileFooter.swift in Sources */ = {isa = PBXBuildFile; fileRef = 47A4257925CA72D100170854 /* ProfileFooter.swift */; };
		47B916AD25D4DE2D00DD7634 /* DetailController.swift in Sources */ = {isa = PBXBuildFile; fileRef = 47B916AC25D4DE2D00DD7634 /* DetailController.swift */; };
		47CF510725E5DDBF0074712A /* ListingsController.swift in Sources */ = {isa = PBXBuildFile; fileRef = 47CF510625E5DDBF0074712A /* ListingsController.swift */; };
		47CFAF7225DF6160001DB8E6 /* DescriptionTextView.swift in Sources */ = {isa = PBXBuildFile; fileRef = 47CFAF7125DF6160001DB8E6 /* DescriptionTextView.swift */; };
		A59C5D089DA577F22499FCA6 /* Pods_BlackMarket.framework in Frameworks */ = {isa = PBXBuildFile; fileRef = 3C4517A5B078A7837B14848A /* Pods_BlackMarket.framework */; };
		BF30F3BC51A7215B7AA3E267 /* Pods_BlackMarketTests.framework in Frameworks */ = {isa = PBXBuildFile; fileRef = 7A7B65A4928FD8692180A3B9 /* Pods_BlackMarketTests.framework */; };
/* End PBXBuildFile section */

/* Begin PBXContainerItemProxy section */
		4794FA3225C8EAAE005C2284 /* PBXContainerItemProxy */ = {
			isa = PBXContainerItemProxy;
			containerPortal = 4794FA1325C8EAAB005C2284 /* Project object */;
			proxyType = 1;
			remoteGlobalIDString = 4794FA1A25C8EAAB005C2284;
			remoteInfo = BlackMarket;
		};
		4794FA3D25C8EAAE005C2284 /* PBXContainerItemProxy */ = {
			isa = PBXContainerItemProxy;
			containerPortal = 4794FA1325C8EAAB005C2284 /* Project object */;
			proxyType = 1;
			remoteGlobalIDString = 4794FA1A25C8EAAB005C2284;
			remoteInfo = BlackMarket;
		};
/* End PBXContainerItemProxy section */

/* Begin PBXFileReference section */
		225B7D83ECE5CFAB92123E7E /* Pods-BlackMarketTests.release.xcconfig */ = {isa = PBXFileReference; includeInIndex = 1; lastKnownFileType = text.xcconfig; name = "Pods-BlackMarketTests.release.xcconfig"; path = "Target Support Files/Pods-BlackMarketTests/Pods-BlackMarketTests.release.xcconfig"; sourceTree = "<group>"; };
		3C4517A5B078A7837B14848A /* Pods_BlackMarket.framework */ = {isa = PBXFileReference; explicitFileType = wrapper.framework; includeInIndex = 0; path = Pods_BlackMarket.framework; sourceTree = BUILT_PRODUCTS_DIR; };
		47060D1425E5CE4000692096 /* AuthService.swift */ = {isa = PBXFileReference; lastKnownFileType = sourcecode.swift; path = AuthService.swift; sourceTree = "<group>"; };
		470E117625E49FD4000F4440 /* GoogleService-Info.plist */ = {isa = PBXFileReference; lastKnownFileType = text.plist; path = "GoogleService-Info.plist"; sourceTree = SOURCE_ROOT; };
		471BB5EE25D4C6E4005F4F13 /* AccountInfoController.swift */ = {isa = PBXFileReference; lastKnownFileType = sourcecode.swift; path = AccountInfoController.swift; sourceTree = "<group>"; };
		47347EB32602E603000A482E /* UploadItemService.swift */ = {isa = PBXFileReference; lastKnownFileType = sourcecode.swift; path = UploadItemService.swift; sourceTree = "<group>"; };
		47347F072602EB59000A482E /* API_Constant.swift */ = {isa = PBXFileReference; lastKnownFileType = sourcecode.swift; path = API_Constant.swift; sourceTree = "<group>"; };
		4734816D2603BF39000A482E /* UserService.swift */ = {isa = PBXFileReference; lastKnownFileType = sourcecode.swift; path = UserService.swift; sourceTree = "<group>"; };
		473481722603BF68000A482E /* User.swift */ = {isa = PBXFileReference; lastKnownFileType = sourcecode.swift; path = User.swift; sourceTree = "<group>"; };
		473481972603CAC8000A482E /* HeaderViewModel.swift */ = {isa = PBXFileReference; lastKnownFileType = sourcecode.swift; path = HeaderViewModel.swift; sourceTree = "<group>"; };
		475460DD25FAF9390067B97E /* ImageContainerViewCell.swift */ = {isa = PBXFileReference; lastKnownFileType = sourcecode.swift; path = ImageContainerViewCell.swift; sourceTree = "<group>"; };
		475460F125FB03DC0067B97E /* ImagePicker.swift */ = {isa = PBXFileReference; lastKnownFileType = sourcecode.swift; path = ImagePicker.swift; sourceTree = "<group>"; };
		4791869925F7293600BD2CBF /* StackScrollView.swift */ = {isa = PBXFileReference; lastKnownFileType = sourcecode.swift; path = StackScrollView.swift; sourceTree = "<group>"; };
		4791869E25F7C8DB00BD2CBF /* CustomInputAccessoryView.swift */ = {isa = PBXFileReference; lastKnownFileType = sourcecode.swift; path = CustomInputAccessoryView.swift; sourceTree = "<group>"; };
		4794FA1B25C8EAAB005C2284 /* BlackMarket.app */ = {isa = PBXFileReference; explicitFileType = wrapper.application; includeInIndex = 0; path = BlackMarket.app; sourceTree = BUILT_PRODUCTS_DIR; };
		4794FA1E25C8EAAB005C2284 /* AppDelegate.swift */ = {isa = PBXFileReference; lastKnownFileType = sourcecode.swift; path = AppDelegate.swift; sourceTree = "<group>"; };
		4794FA2025C8EAAB005C2284 /* SceneDelegate.swift */ = {isa = PBXFileReference; lastKnownFileType = sourcecode.swift; path = SceneDelegate.swift; sourceTree = "<group>"; };
		4794FA2525C8EAAB005C2284 /* Base */ = {isa = PBXFileReference; lastKnownFileType = file.storyboard; name = Base; path = Base.lproj/Main.storyboard; sourceTree = "<group>"; };
		4794FA2725C8EAAD005C2284 /* Assets.xcassets */ = {isa = PBXFileReference; lastKnownFileType = folder.assetcatalog; path = Assets.xcassets; sourceTree = "<group>"; };
		4794FA2A25C8EAAD005C2284 /* Base */ = {isa = PBXFileReference; lastKnownFileType = file.storyboard; name = Base; path = Base.lproj/LaunchScreen.storyboard; sourceTree = "<group>"; };
		4794FA2C25C8EAAD005C2284 /* Info.plist */ = {isa = PBXFileReference; lastKnownFileType = text.plist.xml; path = Info.plist; sourceTree = "<group>"; };
		4794FA3125C8EAAE005C2284 /* BlackMarketTests.xctest */ = {isa = PBXFileReference; explicitFileType = wrapper.cfbundle; includeInIndex = 0; path = BlackMarketTests.xctest; sourceTree = BUILT_PRODUCTS_DIR; };
		4794FA3525C8EAAE005C2284 /* BlackMarketTests.swift */ = {isa = PBXFileReference; lastKnownFileType = sourcecode.swift; path = BlackMarketTests.swift; sourceTree = "<group>"; };
		4794FA3725C8EAAE005C2284 /* Info.plist */ = {isa = PBXFileReference; lastKnownFileType = text.plist.xml; path = Info.plist; sourceTree = "<group>"; };
		4794FA3C25C8EAAE005C2284 /* BlackMarketUITests.xctest */ = {isa = PBXFileReference; explicitFileType = wrapper.cfbundle; includeInIndex = 0; path = BlackMarketUITests.xctest; sourceTree = BUILT_PRODUCTS_DIR; };
		4794FA4025C8EAAE005C2284 /* BlackMarketUITests.swift */ = {isa = PBXFileReference; lastKnownFileType = sourcecode.swift; path = BlackMarketUITests.swift; sourceTree = "<group>"; };
		4794FA4225C8EAAE005C2284 /* Info.plist */ = {isa = PBXFileReference; lastKnownFileType = text.plist.xml; path = Info.plist; sourceTree = "<group>"; };
		4794FA5525C8EC1A005C2284 /* CustomLabel.swift */ = {isa = PBXFileReference; lastKnownFileType = sourcecode.swift; path = CustomLabel.swift; sourceTree = "<group>"; };
		4794FA5D25C8EC42005C2284 /* CustomTextField.swift */ = {isa = PBXFileReference; lastKnownFileType = sourcecode.swift; path = CustomTextField.swift; sourceTree = "<group>"; };
		4794FA6225C8EC8A005C2284 /* Extension.swift */ = {isa = PBXFileReference; lastKnownFileType = sourcecode.swift; path = Extension.swift; sourceTree = "<group>"; };
		4794FA6725C8ECBB005C2284 /* CustomButton.swift */ = {isa = PBXFileReference; lastKnownFileType = sourcecode.swift; path = CustomButton.swift; sourceTree = "<group>"; };
		4794FA6C25C8ECDB005C2284 /* CustomDontHaveAccountButton.swift */ = {isa = PBXFileReference; lastKnownFileType = sourcecode.swift; path = CustomDontHaveAccountButton.swift; sourceTree = "<group>"; };
		4794FA7125C8ED07005C2284 /* DividerView.swift */ = {isa = PBXFileReference; lastKnownFileType = sourcecode.swift; path = DividerView.swift; sourceTree = "<group>"; };
		4794FA7625C8ED27005C2284 /* CustomView.swift */ = {isa = PBXFileReference; lastKnownFileType = sourcecode.swift; path = CustomView.swift; sourceTree = "<group>"; };
		4794FA7B25C8ED52005C2284 /* CategoryCell.swift */ = {isa = PBXFileReference; lastKnownFileType = sourcecode.swift; path = CategoryCell.swift; sourceTree = "<group>"; };
		4794FA8025C8ED7F005C2284 /* FeedCell.swift */ = {isa = PBXFileReference; lastKnownFileType = sourcecode.swift; path = FeedCell.swift; sourceTree = "<group>"; };
		4794FA8C25C8EE07005C2284 /* LoginController.swift */ = {isa = PBXFileReference; lastKnownFileType = sourcecode.swift; path = LoginController.swift; sourceTree = "<group>"; };
		4794FA9425C8EE35005C2284 /* RegistrationController.swift */ = {isa = PBXFileReference; lastKnownFileType = sourcecode.swift; path = RegistrationController.swift; sourceTree = "<group>"; };
		4794FA9925C8EE62005C2284 /* RessetPasswordController.swift */ = {isa = PBXFileReference; lastKnownFileType = sourcecode.swift; path = RessetPasswordController.swift; sourceTree = "<group>"; };
		4794FA9E25C8EE83005C2284 /* MainTabController.swift */ = {isa = PBXFileReference; lastKnownFileType = sourcecode.swift; path = MainTabController.swift; sourceTree = "<group>"; };
		4794FAA325C8EEB9005C2284 /* ProfileController.swift */ = {isa = PBXFileReference; lastKnownFileType = sourcecode.swift; path = ProfileController.swift; sourceTree = "<group>"; };
		4794FAAB25C8EEE0005C2284 /* PostController.swift */ = {isa = PBXFileReference; lastKnownFileType = sourcecode.swift; path = PostController.swift; sourceTree = "<group>"; };
		4794FAB025C8EF26005C2284 /* FeedController.swift */ = {isa = PBXFileReference; lastKnownFileType = sourcecode.swift; path = FeedController.swift; sourceTree = "<group>"; };
		4794FAB525C8EF6B005C2284 /* CategoryController.swift */ = {isa = PBXFileReference; lastKnownFileType = sourcecode.swift; path = CategoryController.swift; sourceTree = "<group>"; };
		4794FABA25C8EF86005C2284 /* MessageContoller.swift */ = {isa = PBXFileReference; lastKnownFileType = sourcecode.swift; path = MessageContoller.swift; sourceTree = "<group>"; };
		4794FABF25C8EFB7005C2284 /* AuthenticationViewModel.swift */ = {isa = PBXFileReference; lastKnownFileType = sourcecode.swift; path = AuthenticationViewModel.swift; sourceTree = "<group>"; };
		4794FAC425C8EFDB005C2284 /* Constants.swift */ = {isa = PBXFileReference; lastKnownFileType = sourcecode.swift; path = Constants.swift; sourceTree = "<group>"; };
		4794FACA25C8F036005C2284 /* CategoryData.swift */ = {isa = PBXFileReference; lastKnownFileType = sourcecode.swift; path = CategoryData.swift; sourceTree = "<group>"; };
		4794FAD225C8F056005C2284 /* DummyData.swift */ = {isa = PBXFileReference; lastKnownFileType = sourcecode.swift; path = DummyData.swift; sourceTree = "<group>"; };
		4797A74925F04FB7004E50A9 /* libTTGTagCollectionView.a */ = {isa = PBXFileReference; explicitFileType = archive.ar; path = libTTGTagCollectionView.a; sourceTree = BUILT_PRODUCTS_DIR; };
		4797A85C25F1E1D6004E50A9 /* CategoryDetails.swift */ = {isa = PBXFileReference; lastKnownFileType = sourcecode.swift; path = CategoryDetails.swift; sourceTree = "<group>"; };
		4799CCC125FAE8D1008923F7 /* ImageContainer.swift */ = {isa = PBXFileReference; lastKnownFileType = sourcecode.swift; path = ImageContainer.swift; sourceTree = "<group>"; };
		479B63A025DB47FC00ED0E6A /* CancelSystemButton.swift */ = {isa = PBXFileReference; lastKnownFileType = sourcecode.swift; path = CancelSystemButton.swift; sourceTree = "<group>"; };
		479B63B725DB4CAE00ED0E6A /* PostCustomButton.swift */ = {isa = PBXFileReference; lastKnownFileType = sourcecode.swift; path = PostCustomButton.swift; sourceTree = "<group>"; };
		479B63BC25DCA75300ED0E6A /* ListItemTextField.swift */ = {isa = PBXFileReference; lastKnownFileType = sourcecode.swift; path = ListItemTextField.swift; sourceTree = "<group>"; };
		47A4253E25C8FF2D00170854 /* shoppin.json */ = {isa = PBXFileReference; fileEncoding = 4; lastKnownFileType = text.json; path = shoppin.json; sourceTree = "<group>"; };
		47A4254725CA5F2600170854 /* ProfileHeader.swift */ = {isa = PBXFileReference; lastKnownFileType = sourcecode.swift; path = ProfileHeader.swift; sourceTree = "<group>"; };
		47A4256F25CA6AE100170854 /* ProfileViewModel.swift */ = {isa = PBXFileReference; lastKnownFileType = sourcecode.swift; path = ProfileViewModel.swift; sourceTree = "<group>"; };
		47A4257425CA6BCC00170854 /* ProfileCell.swift */ = {isa = PBXFileReference; lastKnownFileType = sourcecode.swift; path = ProfileCell.swift; sourceTree = "<group>"; };
		47A4257925CA72D100170854 /* ProfileFooter.swift */ = {isa = PBXFileReference; lastKnownFileType = sourcecode.swift; path = ProfileFooter.swift; sourceTree = "<group>"; };
		47B916AC25D4DE2D00DD7634 /* DetailController.swift */ = {isa = PBXFileReference; lastKnownFileType = sourcecode.swift; path = DetailController.swift; sourceTree = "<group>"; };
		47CF510625E5DDBF0074712A /* ListingsController.swift */ = {isa = PBXFileReference; lastKnownFileType = sourcecode.swift; path = ListingsController.swift; sourceTree = "<group>"; };
		47CFAF7125DF6160001DB8E6 /* DescriptionTextView.swift */ = {isa = PBXFileReference; lastKnownFileType = sourcecode.swift; path = DescriptionTextView.swift; sourceTree = "<group>"; };
		58F9C2A77D59B8F0D68C821B /* Pods-BlackMarket-BlackMarketUITests.release.xcconfig */ = {isa = PBXFileReference; includeInIndex = 1; lastKnownFileType = text.xcconfig; name = "Pods-BlackMarket-BlackMarketUITests.release.xcconfig"; path = "Target Support Files/Pods-BlackMarket-BlackMarketUITests/Pods-BlackMarket-BlackMarketUITests.release.xcconfig"; sourceTree = "<group>"; };
		63DE919A531EDB41F50F2207 /* Pods_BlackMarket_BlackMarketUITests.framework */ = {isa = PBXFileReference; explicitFileType = wrapper.framework; includeInIndex = 0; path = Pods_BlackMarket_BlackMarketUITests.framework; sourceTree = BUILT_PRODUCTS_DIR; };
		7A7B65A4928FD8692180A3B9 /* Pods_BlackMarketTests.framework */ = {isa = PBXFileReference; explicitFileType = wrapper.framework; includeInIndex = 0; path = Pods_BlackMarketTests.framework; sourceTree = BUILT_PRODUCTS_DIR; };
		9258743042598E0B7170183E /* Pods-BlackMarket.debug.xcconfig */ = {isa = PBXFileReference; includeInIndex = 1; lastKnownFileType = text.xcconfig; name = "Pods-BlackMarket.debug.xcconfig"; path = "Target Support Files/Pods-BlackMarket/Pods-BlackMarket.debug.xcconfig"; sourceTree = "<group>"; };
		9DBF5940C419CEB3E2280421 /* Pods-BlackMarket-BlackMarketUITests.debug.xcconfig */ = {isa = PBXFileReference; includeInIndex = 1; lastKnownFileType = text.xcconfig; name = "Pods-BlackMarket-BlackMarketUITests.debug.xcconfig"; path = "Target Support Files/Pods-BlackMarket-BlackMarketUITests/Pods-BlackMarket-BlackMarketUITests.debug.xcconfig"; sourceTree = "<group>"; };
		9E3C996561A5E14BE7A9E73B /* Pods-BlackMarket.release.xcconfig */ = {isa = PBXFileReference; includeInIndex = 1; lastKnownFileType = text.xcconfig; name = "Pods-BlackMarket.release.xcconfig"; path = "Target Support Files/Pods-BlackMarket/Pods-BlackMarket.release.xcconfig"; sourceTree = "<group>"; };
		D39E2271CF0C20D63FAF3F62 /* Pods-BlackMarketTests.debug.xcconfig */ = {isa = PBXFileReference; includeInIndex = 1; lastKnownFileType = text.xcconfig; name = "Pods-BlackMarketTests.debug.xcconfig"; path = "Target Support Files/Pods-BlackMarketTests/Pods-BlackMarketTests.debug.xcconfig"; sourceTree = "<group>"; };
/* End PBXFileReference section */

/* Begin PBXFrameworksBuildPhase section */
		4794FA1825C8EAAB005C2284 /* Frameworks */ = {
			isa = PBXFrameworksBuildPhase;
			buildActionMask = 2147483647;
			files = (
				A59C5D089DA577F22499FCA6 /* Pods_BlackMarket.framework in Frameworks */,
			);
			runOnlyForDeploymentPostprocessing = 0;
		};
		4794FA2E25C8EAAE005C2284 /* Frameworks */ = {
			isa = PBXFrameworksBuildPhase;
			buildActionMask = 2147483647;
			files = (
				BF30F3BC51A7215B7AA3E267 /* Pods_BlackMarketTests.framework in Frameworks */,
			);
			runOnlyForDeploymentPostprocessing = 0;
		};
		4794FA3925C8EAAE005C2284 /* Frameworks */ = {
			isa = PBXFrameworksBuildPhase;
			buildActionMask = 2147483647;
			files = (
				0BFFD8C377510DE7EAD357B9 /* Pods_BlackMarket_BlackMarketUITests.framework in Frameworks */,
			);
			runOnlyForDeploymentPostprocessing = 0;
		};
/* End PBXFrameworksBuildPhase section */

/* Begin PBXGroup section */
		0989A366B26F1C9CF96E9926 /* Frameworks */ = {
			isa = PBXGroup;
			children = (
				4797A74925F04FB7004E50A9 /* libTTGTagCollectionView.a */,
				3C4517A5B078A7837B14848A /* Pods_BlackMarket.framework */,
				63DE919A531EDB41F50F2207 /* Pods_BlackMarket_BlackMarketUITests.framework */,
				7A7B65A4928FD8692180A3B9 /* Pods_BlackMarketTests.framework */,
			);
			name = Frameworks;
			sourceTree = "<group>";
		};
		2D7E80A6B2F714E86341D4D4 /* Pods */ = {
			isa = PBXGroup;
			children = (
				9258743042598E0B7170183E /* Pods-BlackMarket.debug.xcconfig */,
				9E3C996561A5E14BE7A9E73B /* Pods-BlackMarket.release.xcconfig */,
				9DBF5940C419CEB3E2280421 /* Pods-BlackMarket-BlackMarketUITests.debug.xcconfig */,
				58F9C2A77D59B8F0D68C821B /* Pods-BlackMarket-BlackMarketUITests.release.xcconfig */,
				D39E2271CF0C20D63FAF3F62 /* Pods-BlackMarketTests.debug.xcconfig */,
				225B7D83ECE5CFAB92123E7E /* Pods-BlackMarketTests.release.xcconfig */,
			);
			path = Pods;
			sourceTree = "<group>";
		};
		47060D1025E5CE0900692096 /* API */ = {
			isa = PBXGroup;
			children = (
				47060D1425E5CE4000692096 /* AuthService.swift */,
				47347EB32602E603000A482E /* UploadItemService.swift */,
				47347F072602EB59000A482E /* API_Constant.swift */,
				4734816D2603BF39000A482E /* UserService.swift */,
			);
			path = API;
			sourceTree = "<group>";
		};
		475460DC25FAF91A0067B97E /* ImageContainer */ = {
			isa = PBXGroup;
			children = (
				4799CCC125FAE8D1008923F7 /* ImageContainer.swift */,
				475460DD25FAF9390067B97E /* ImageContainerViewCell.swift */,
				475460F125FB03DC0067B97E /* ImagePicker.swift */,
			);
			path = ImageContainer;
			sourceTree = "<group>";
		};
		4794FA1225C8EAAB005C2284 = {
			isa = PBXGroup;
			children = (
				4794FA1D25C8EAAB005C2284 /* BlackMarket */,
				4794FA3425C8EAAE005C2284 /* BlackMarketTests */,
				4794FA3F25C8EAAE005C2284 /* BlackMarketUITests */,
				4794FA1C25C8EAAB005C2284 /* Products */,
				2D7E80A6B2F714E86341D4D4 /* Pods */,
				0989A366B26F1C9CF96E9926 /* Frameworks */,
			);
			sourceTree = "<group>";
		};
		4794FA1C25C8EAAB005C2284 /* Products */ = {
			isa = PBXGroup;
			children = (
				4794FA1B25C8EAAB005C2284 /* BlackMarket.app */,
				4794FA3125C8EAAE005C2284 /* BlackMarketTests.xctest */,
				4794FA3C25C8EAAE005C2284 /* BlackMarketUITests.xctest */,
			);
			name = Products;
			sourceTree = "<group>";
		};
		4794FA1D25C8EAAB005C2284 /* BlackMarket */ = {
			isa = PBXGroup;
			children = (
				47060D1025E5CE0900692096 /* API */,
				4794FAE325C8F5CF005C2284 /* Assets */,
				4794FAC925C8F013005C2284 /* Models */,
				4794FA8825C8ED9D005C2284 /* Storyboard */,
				4794FA5425C8EBD4005C2284 /* ViewModel */,
				4794FA5325C8EBA8005C2284 /* Utils */,
				4794FA5225C8EB07005C2284 /* View */,
				4794FA5125C8EAF9005C2284 /* Controller */,
				4794FA2C25C8EAAD005C2284 /* Info.plist */,
				470E117625E49FD4000F4440 /* GoogleService-Info.plist */,
			);
			path = BlackMarket;
			sourceTree = "<group>";
		};
		4794FA3425C8EAAE005C2284 /* BlackMarketTests */ = {
			isa = PBXGroup;
			children = (
				4794FA3525C8EAAE005C2284 /* BlackMarketTests.swift */,
				4794FA3725C8EAAE005C2284 /* Info.plist */,
			);
			path = BlackMarketTests;
			sourceTree = "<group>";
		};
		4794FA3F25C8EAAE005C2284 /* BlackMarketUITests */ = {
			isa = PBXGroup;
			children = (
				4794FA4025C8EAAE005C2284 /* BlackMarketUITests.swift */,
				4794FA4225C8EAAE005C2284 /* Info.plist */,
			);
			path = BlackMarketUITests;
			sourceTree = "<group>";
		};
		4794FA5125C8EAF9005C2284 /* Controller */ = {
			isa = PBXGroup;
			children = (
				4794FA8C25C8EE07005C2284 /* LoginController.swift */,
				4794FA9425C8EE35005C2284 /* RegistrationController.swift */,
				4794FA9925C8EE62005C2284 /* RessetPasswordController.swift */,
				4794FA9E25C8EE83005C2284 /* MainTabController.swift */,
				4794FAA325C8EEB9005C2284 /* ProfileController.swift */,
				4794FAAB25C8EEE0005C2284 /* PostController.swift */,
				4794FAB025C8EF26005C2284 /* FeedController.swift */,
				4794FAB525C8EF6B005C2284 /* CategoryController.swift */,
				4794FABA25C8EF86005C2284 /* MessageContoller.swift */,
				471BB5EE25D4C6E4005F4F13 /* AccountInfoController.swift */,
				47B916AC25D4DE2D00DD7634 /* DetailController.swift */,
				47CF510625E5DDBF0074712A /* ListingsController.swift */,
				4797A85C25F1E1D6004E50A9 /* CategoryDetails.swift */,
			);
			path = Controller;
			sourceTree = "<group>";
		};
		4794FA5225C8EB07005C2284 /* View */ = {
			isa = PBXGroup;
			children = (
				4794FA5525C8EC1A005C2284 /* CustomLabel.swift */,
				4794FA5D25C8EC42005C2284 /* CustomTextField.swift */,
				4794FA6725C8ECBB005C2284 /* CustomButton.swift */,
				4794FA6C25C8ECDB005C2284 /* CustomDontHaveAccountButton.swift */,
				4794FA7125C8ED07005C2284 /* DividerView.swift */,
				4794FA7625C8ED27005C2284 /* CustomView.swift */,
				4794FA7B25C8ED52005C2284 /* CategoryCell.swift */,
				4794FA8025C8ED7F005C2284 /* FeedCell.swift */,
				47A4254725CA5F2600170854 /* ProfileHeader.swift */,
				47A4257425CA6BCC00170854 /* ProfileCell.swift */,
				47A4257925CA72D100170854 /* ProfileFooter.swift */,
				479B63A025DB47FC00ED0E6A /* CancelSystemButton.swift */,
				479B63B725DB4CAE00ED0E6A /* PostCustomButton.swift */,
				479B63BC25DCA75300ED0E6A /* ListItemTextField.swift */,
				47CFAF7125DF6160001DB8E6 /* DescriptionTextView.swift */,
				4791869925F7293600BD2CBF /* StackScrollView.swift */,
			);
			path = View;
			sourceTree = "<group>";
		};
		4794FA5325C8EBA8005C2284 /* Utils */ = {
			isa = PBXGroup;
			children = (
				475460DC25FAF91A0067B97E /* ImageContainer */,
				4794FA6225C8EC8A005C2284 /* Extension.swift */,
				4794FA2025C8EAAB005C2284 /* SceneDelegate.swift */,
				4794FA1E25C8EAAB005C2284 /* AppDelegate.swift */,
				4794FAC425C8EFDB005C2284 /* Constants.swift */,
				4791869E25F7C8DB00BD2CBF /* CustomInputAccessoryView.swift */,
			);
			path = Utils;
			sourceTree = "<group>";
		};
		4794FA5425C8EBD4005C2284 /* ViewModel */ = {
			isa = PBXGroup;
			children = (
				4794FABF25C8EFB7005C2284 /* AuthenticationViewModel.swift */,
				47A4256F25CA6AE100170854 /* ProfileViewModel.swift */,
				473481972603CAC8000A482E /* HeaderViewModel.swift */,
			);
			path = ViewModel;
			sourceTree = "<group>";
		};
		4794FA8825C8ED9D005C2284 /* Storyboard */ = {
			isa = PBXGroup;
			children = (
				4794FA2425C8EAAB005C2284 /* Main.storyboard */,
				4794FA2925C8EAAD005C2284 /* LaunchScreen.storyboard */,
			);
			path = Storyboard;
			sourceTree = "<group>";
		};
		4794FAC925C8F013005C2284 /* Models */ = {
			isa = PBXGroup;
			children = (
				4794FACA25C8F036005C2284 /* CategoryData.swift */,
				4794FAD225C8F056005C2284 /* DummyData.swift */,
				473481722603BF68000A482E /* User.swift */,
			);
			path = Models;
			sourceTree = "<group>";
		};
		4794FAE325C8F5CF005C2284 /* Assets */ = {
			isa = PBXGroup;
			children = (
				4794FA2725C8EAAD005C2284 /* Assets.xcassets */,
				47A4253E25C8FF2D00170854 /* shoppin.json */,
			);
			path = Assets;
			sourceTree = "<group>";
		};
/* End PBXGroup section */

/* Begin PBXNativeTarget section */
		4794FA1A25C8EAAB005C2284 /* BlackMarket */ = {
			isa = PBXNativeTarget;
			buildConfigurationList = 4794FA4525C8EAAE005C2284 /* Build configuration list for PBXNativeTarget "BlackMarket" */;
			buildPhases = (
				8ED837278EEBEE5B90526F95 /* [CP] Check Pods Manifest.lock */,
				4794FA1725C8EAAB005C2284 /* Sources */,
				4794FA1825C8EAAB005C2284 /* Frameworks */,
				4794FA1925C8EAAB005C2284 /* Resources */,
				EAD55E3F5488850A6FF3EBF1 /* [CP] Embed Pods Frameworks */,
			);
			buildRules = (
			);
			dependencies = (
			);
			name = BlackMarket;
			productName = BlackMarket;
			productReference = 4794FA1B25C8EAAB005C2284 /* BlackMarket.app */;
			productType = "com.apple.product-type.application";
		};
		4794FA3025C8EAAE005C2284 /* BlackMarketTests */ = {
			isa = PBXNativeTarget;
			buildConfigurationList = 4794FA4825C8EAAE005C2284 /* Build configuration list for PBXNativeTarget "BlackMarketTests" */;
			buildPhases = (
				6672775715DFB325D6DB253F /* [CP] Check Pods Manifest.lock */,
				4794FA2D25C8EAAE005C2284 /* Sources */,
				4794FA2E25C8EAAE005C2284 /* Frameworks */,
				4794FA2F25C8EAAE005C2284 /* Resources */,
			);
			buildRules = (
			);
			dependencies = (
				4794FA3325C8EAAE005C2284 /* PBXTargetDependency */,
			);
			name = BlackMarketTests;
			productName = BlackMarketTests;
			productReference = 4794FA3125C8EAAE005C2284 /* BlackMarketTests.xctest */;
			productType = "com.apple.product-type.bundle.unit-test";
		};
		4794FA3B25C8EAAE005C2284 /* BlackMarketUITests */ = {
			isa = PBXNativeTarget;
			buildConfigurationList = 4794FA4B25C8EAAE005C2284 /* Build configuration list for PBXNativeTarget "BlackMarketUITests" */;
			buildPhases = (
				6D98FA5FFDDEE4EBBB0A865E /* [CP] Check Pods Manifest.lock */,
				4794FA3825C8EAAE005C2284 /* Sources */,
				4794FA3925C8EAAE005C2284 /* Frameworks */,
				4794FA3A25C8EAAE005C2284 /* Resources */,
				6C6762AD278F5B73755E39EC /* [CP] Embed Pods Frameworks */,
			);
			buildRules = (
			);
			dependencies = (
				4794FA3E25C8EAAE005C2284 /* PBXTargetDependency */,
			);
			name = BlackMarketUITests;
			productName = BlackMarketUITests;
			productReference = 4794FA3C25C8EAAE005C2284 /* BlackMarketUITests.xctest */;
			productType = "com.apple.product-type.bundle.ui-testing";
		};
/* End PBXNativeTarget section */

/* Begin PBXProject section */
		4794FA1325C8EAAB005C2284 /* Project object */ = {
			isa = PBXProject;
			attributes = {
				LastSwiftUpdateCheck = 1220;
				LastUpgradeCheck = 1220;
				TargetAttributes = {
					4794FA1A25C8EAAB005C2284 = {
						CreatedOnToolsVersion = 12.2;
					};
					4794FA3025C8EAAE005C2284 = {
						CreatedOnToolsVersion = 12.2;
						TestTargetID = 4794FA1A25C8EAAB005C2284;
					};
					4794FA3B25C8EAAE005C2284 = {
						CreatedOnToolsVersion = 12.2;
						TestTargetID = 4794FA1A25C8EAAB005C2284;
					};
				};
			};
			buildConfigurationList = 4794FA1625C8EAAB005C2284 /* Build configuration list for PBXProject "BlackMarket" */;
			compatibilityVersion = "Xcode 9.3";
			developmentRegion = en;
			hasScannedForEncodings = 0;
			knownRegions = (
				en,
				Base,
			);
			mainGroup = 4794FA1225C8EAAB005C2284;
			productRefGroup = 4794FA1C25C8EAAB005C2284 /* Products */;
			projectDirPath = "";
			projectRoot = "";
			targets = (
				4794FA1A25C8EAAB005C2284 /* BlackMarket */,
				4794FA3025C8EAAE005C2284 /* BlackMarketTests */,
				4794FA3B25C8EAAE005C2284 /* BlackMarketUITests */,
			);
		};
/* End PBXProject section */

/* Begin PBXResourcesBuildPhase section */
		4794FA1925C8EAAB005C2284 /* Resources */ = {
			isa = PBXResourcesBuildPhase;
			buildActionMask = 2147483647;
			files = (
				4794FA2B25C8EAAD005C2284 /* LaunchScreen.storyboard in Resources */,
				47A4253F25C8FF2D00170854 /* shoppin.json in Resources */,
				470E117725E49FD4000F4440 /* GoogleService-Info.plist in Resources */,
				4794FA2825C8EAAD005C2284 /* Assets.xcassets in Resources */,
				4794FA2625C8EAAB005C2284 /* Main.storyboard in Resources */,
			);
			runOnlyForDeploymentPostprocessing = 0;
		};
		4794FA2F25C8EAAE005C2284 /* Resources */ = {
			isa = PBXResourcesBuildPhase;
			buildActionMask = 2147483647;
			files = (
			);
			runOnlyForDeploymentPostprocessing = 0;
		};
		4794FA3A25C8EAAE005C2284 /* Resources */ = {
			isa = PBXResourcesBuildPhase;
			buildActionMask = 2147483647;
			files = (
			);
			runOnlyForDeploymentPostprocessing = 0;
		};
/* End PBXResourcesBuildPhase section */

/* Begin PBXShellScriptBuildPhase section */
		6672775715DFB325D6DB253F /* [CP] Check Pods Manifest.lock */ = {
			isa = PBXShellScriptBuildPhase;
			buildActionMask = 2147483647;
			files = (
			);
			inputFileListPaths = (
			);
			inputPaths = (
				"${PODS_PODFILE_DIR_PATH}/Podfile.lock",
				"${PODS_ROOT}/Manifest.lock",
			);
			name = "[CP] Check Pods Manifest.lock";
			outputFileListPaths = (
			);
			outputPaths = (
				"$(DERIVED_FILE_DIR)/Pods-BlackMarketTests-checkManifestLockResult.txt",
			);
			runOnlyForDeploymentPostprocessing = 0;
			shellPath = /bin/sh;
			shellScript = "diff \"${PODS_PODFILE_DIR_PATH}/Podfile.lock\" \"${PODS_ROOT}/Manifest.lock\" > /dev/null\nif [ $? != 0 ] ; then\n    # print error to STDERR\n    echo \"error: The sandbox is not in sync with the Podfile.lock. Run 'pod install' or update your CocoaPods installation.\" >&2\n    exit 1\nfi\n# This output is used by Xcode 'outputs' to avoid re-running this script phase.\necho \"SUCCESS\" > \"${SCRIPT_OUTPUT_FILE_0}\"\n";
			showEnvVarsInLog = 0;
		};
		6C6762AD278F5B73755E39EC /* [CP] Embed Pods Frameworks */ = {
			isa = PBXShellScriptBuildPhase;
			buildActionMask = 2147483647;
			files = (
			);
			inputFileListPaths = (
				"${PODS_ROOT}/Target Support Files/Pods-BlackMarket-BlackMarketUITests/Pods-BlackMarket-BlackMarketUITests-frameworks-${CONFIGURATION}-input-files.xcfilelist",
			);
			name = "[CP] Embed Pods Frameworks";
			outputFileListPaths = (
				"${PODS_ROOT}/Target Support Files/Pods-BlackMarket-BlackMarketUITests/Pods-BlackMarket-BlackMarketUITests-frameworks-${CONFIGURATION}-output-files.xcfilelist",
			);
			runOnlyForDeploymentPostprocessing = 0;
			shellPath = /bin/sh;
			shellScript = "\"${PODS_ROOT}/Target Support Files/Pods-BlackMarket-BlackMarketUITests/Pods-BlackMarket-BlackMarketUITests-frameworks.sh\"\n";
			showEnvVarsInLog = 0;
		};
		6D98FA5FFDDEE4EBBB0A865E /* [CP] Check Pods Manifest.lock */ = {
			isa = PBXShellScriptBuildPhase;
			buildActionMask = 2147483647;
			files = (
			);
			inputFileListPaths = (
			);
			inputPaths = (
				"${PODS_PODFILE_DIR_PATH}/Podfile.lock",
				"${PODS_ROOT}/Manifest.lock",
			);
			name = "[CP] Check Pods Manifest.lock";
			outputFileListPaths = (
			);
			outputPaths = (
				"$(DERIVED_FILE_DIR)/Pods-BlackMarket-BlackMarketUITests-checkManifestLockResult.txt",
			);
			runOnlyForDeploymentPostprocessing = 0;
			shellPath = /bin/sh;
			shellScript = "diff \"${PODS_PODFILE_DIR_PATH}/Podfile.lock\" \"${PODS_ROOT}/Manifest.lock\" > /dev/null\nif [ $? != 0 ] ; then\n    # print error to STDERR\n    echo \"error: The sandbox is not in sync with the Podfile.lock. Run 'pod install' or update your CocoaPods installation.\" >&2\n    exit 1\nfi\n# This output is used by Xcode 'outputs' to avoid re-running this script phase.\necho \"SUCCESS\" > \"${SCRIPT_OUTPUT_FILE_0}\"\n";
			showEnvVarsInLog = 0;
		};
		8ED837278EEBEE5B90526F95 /* [CP] Check Pods Manifest.lock */ = {
			isa = PBXShellScriptBuildPhase;
			buildActionMask = 2147483647;
			files = (
			);
			inputFileListPaths = (
			);
			inputPaths = (
				"${PODS_PODFILE_DIR_PATH}/Podfile.lock",
				"${PODS_ROOT}/Manifest.lock",
			);
			name = "[CP] Check Pods Manifest.lock";
			outputFileListPaths = (
			);
			outputPaths = (
				"$(DERIVED_FILE_DIR)/Pods-BlackMarket-checkManifestLockResult.txt",
			);
			runOnlyForDeploymentPostprocessing = 0;
			shellPath = /bin/sh;
			shellScript = "diff \"${PODS_PODFILE_DIR_PATH}/Podfile.lock\" \"${PODS_ROOT}/Manifest.lock\" > /dev/null\nif [ $? != 0 ] ; then\n    # print error to STDERR\n    echo \"error: The sandbox is not in sync with the Podfile.lock. Run 'pod install' or update your CocoaPods installation.\" >&2\n    exit 1\nfi\n# This output is used by Xcode 'outputs' to avoid re-running this script phase.\necho \"SUCCESS\" > \"${SCRIPT_OUTPUT_FILE_0}\"\n";
			showEnvVarsInLog = 0;
		};
		EAD55E3F5488850A6FF3EBF1 /* [CP] Embed Pods Frameworks */ = {
			isa = PBXShellScriptBuildPhase;
			buildActionMask = 2147483647;
			files = (
			);
			inputFileListPaths = (
				"${PODS_ROOT}/Target Support Files/Pods-BlackMarket/Pods-BlackMarket-frameworks-${CONFIGURATION}-input-files.xcfilelist",
			);
			name = "[CP] Embed Pods Frameworks";
			outputFileListPaths = (
				"${PODS_ROOT}/Target Support Files/Pods-BlackMarket/Pods-BlackMarket-frameworks-${CONFIGURATION}-output-files.xcfilelist",
			);
			runOnlyForDeploymentPostprocessing = 0;
			shellPath = /bin/sh;
			shellScript = "\"${PODS_ROOT}/Target Support Files/Pods-BlackMarket/Pods-BlackMarket-frameworks.sh\"\n";
			showEnvVarsInLog = 0;
		};
/* End PBXShellScriptBuildPhase section */

/* Begin PBXSourcesBuildPhase section */
		4794FA1725C8EAAB005C2284 /* Sources */ = {
			isa = PBXSourcesBuildPhase;
			buildActionMask = 2147483647;
			files = (
				4794FAD325C8F056005C2284 /* DummyData.swift in Sources */,
				4794FA9A25C8EE62005C2284 /* RessetPasswordController.swift in Sources */,
				4794FAC525C8EFDB005C2284 /* Constants.swift in Sources */,
				475460F225FB03DC0067B97E /* ImagePicker.swift in Sources */,
				4797A85D25F1E1D6004E50A9 /* CategoryDetails.swift in Sources */,
				4794FA8125C8ED7F005C2284 /* FeedCell.swift in Sources */,
				4794FA9F25C8EE83005C2284 /* MainTabController.swift in Sources */,
				4794FAB625C8EF6B005C2284 /* CategoryController.swift in Sources */,
				47A4257525CA6BCC00170854 /* ProfileCell.swift in Sources */,
				4794FA8D25C8EE07005C2284 /* LoginController.swift in Sources */,
				4794FA7225C8ED07005C2284 /* DividerView.swift in Sources */,
				4734816E2603BF39000A482E /* UserService.swift in Sources */,
				4794FAA425C8EEB9005C2284 /* ProfileController.swift in Sources */,
				4794FACB25C8F036005C2284 /* CategoryData.swift in Sources */,
				47A4257025CA6AE100170854 /* ProfileViewModel.swift in Sources */,
				47CF510725E5DDBF0074712A /* ListingsController.swift in Sources */,
				4794FA1F25C8EAAB005C2284 /* AppDelegate.swift in Sources */,
				4794FABB25C8EF86005C2284 /* MessageContoller.swift in Sources */,
				47347EB42602E603000A482E /* UploadItemService.swift in Sources */,
				479B63B825DB4CAE00ED0E6A /* PostCustomButton.swift in Sources */,
				4794FAC025C8EFB7005C2284 /* AuthenticationViewModel.swift in Sources */,
				47347F082602EB59000A482E /* API_Constant.swift in Sources */,
				473481732603BF68000A482E /* User.swift in Sources */,
				4794FAB125C8EF26005C2284 /* FeedController.swift in Sources */,
				471BB5EF25D4C6E4005F4F13 /* AccountInfoController.swift in Sources */,
				4794FA2125C8EAAB005C2284 /* SceneDelegate.swift in Sources */,
				4794FA6D25C8ECDB005C2284 /* CustomDontHaveAccountButton.swift in Sources */,
				479B63A125DB47FC00ED0E6A /* CancelSystemButton.swift in Sources */,
				47A4257A25CA72D100170854 /* ProfileFooter.swift in Sources */,
				4794FA7725C8ED27005C2284 /* CustomView.swift in Sources */,
				4794FA6325C8EC8A005C2284 /* Extension.swift in Sources */,
				4791869A25F7293600BD2CBF /* StackScrollView.swift in Sources */,
				47A4254825CA5F2600170854 /* ProfileHeader.swift in Sources */,
				4794FA6825C8ECBB005C2284 /* CustomButton.swift in Sources */,
				475460DE25FAF9390067B97E /* ImageContainerViewCell.swift in Sources */,
				479B63BD25DCA75300ED0E6A /* ListItemTextField.swift in Sources */,
				47060D1525E5CE4000692096 /* AuthService.swift in Sources */,
				4794FA5625C8EC1A005C2284 /* CustomLabel.swift in Sources */,
				4794FA5E25C8EC42005C2284 /* CustomTextField.swift in Sources */,
				4794FA7C25C8ED52005C2284 /* CategoryCell.swift in Sources */,
				47CFAF7225DF6160001DB8E6 /* DescriptionTextView.swift in Sources */,
				4791869F25F7C8DB00BD2CBF /* CustomInputAccessoryView.swift in Sources */,
				4794FA9525C8EE35005C2284 /* RegistrationController.swift in Sources */,
				4799CCC225FAE8D1008923F7 /* ImageContainer.swift in Sources */,
				47B916AD25D4DE2D00DD7634 /* DetailController.swift in Sources */,
				473481982603CAC8000A482E /* HeaderViewModel.swift in Sources */,
				4794FAAC25C8EEE0005C2284 /* PostController.swift in Sources */,
			);
			runOnlyForDeploymentPostprocessing = 0;
		};
		4794FA2D25C8EAAE005C2284 /* Sources */ = {
			isa = PBXSourcesBuildPhase;
			buildActionMask = 2147483647;
			files = (
				4794FA3625C8EAAE005C2284 /* BlackMarketTests.swift in Sources */,
			);
			runOnlyForDeploymentPostprocessing = 0;
		};
		4794FA3825C8EAAE005C2284 /* Sources */ = {
			isa = PBXSourcesBuildPhase;
			buildActionMask = 2147483647;
			files = (
				4794FA4125C8EAAE005C2284 /* BlackMarketUITests.swift in Sources */,
			);
			runOnlyForDeploymentPostprocessing = 0;
		};
/* End PBXSourcesBuildPhase section */

/* Begin PBXTargetDependency section */
		4794FA3325C8EAAE005C2284 /* PBXTargetDependency */ = {
			isa = PBXTargetDependency;
			target = 4794FA1A25C8EAAB005C2284 /* BlackMarket */;
			targetProxy = 4794FA3225C8EAAE005C2284 /* PBXContainerItemProxy */;
		};
		4794FA3E25C8EAAE005C2284 /* PBXTargetDependency */ = {
			isa = PBXTargetDependency;
			target = 4794FA1A25C8EAAB005C2284 /* BlackMarket */;
			targetProxy = 4794FA3D25C8EAAE005C2284 /* PBXContainerItemProxy */;
		};
/* End PBXTargetDependency section */

/* Begin PBXVariantGroup section */
		4794FA2425C8EAAB005C2284 /* Main.storyboard */ = {
			isa = PBXVariantGroup;
			children = (
				4794FA2525C8EAAB005C2284 /* Base */,
			);
			name = Main.storyboard;
			sourceTree = "<group>";
		};
		4794FA2925C8EAAD005C2284 /* LaunchScreen.storyboard */ = {
			isa = PBXVariantGroup;
			children = (
				4794FA2A25C8EAAD005C2284 /* Base */,
			);
			name = LaunchScreen.storyboard;
			sourceTree = "<group>";
		};
/* End PBXVariantGroup section */

/* Begin XCBuildConfiguration section */
		4794FA4325C8EAAE005C2284 /* Debug */ = {
			isa = XCBuildConfiguration;
			buildSettings = {
				ALWAYS_EMBED_SWIFT_STANDARD_LIBRARIES = "$(inherited)";
				ALWAYS_SEARCH_USER_PATHS = NO;
				CLANG_ANALYZER_NONNULL = YES;
				CLANG_ANALYZER_NUMBER_OBJECT_CONVERSION = YES_AGGRESSIVE;
				CLANG_CXX_LANGUAGE_STANDARD = "gnu++14";
				CLANG_CXX_LIBRARY = "libc++";
				CLANG_ENABLE_MODULES = YES;
				CLANG_ENABLE_OBJC_ARC = YES;
				CLANG_ENABLE_OBJC_WEAK = YES;
				CLANG_WARN_BLOCK_CAPTURE_AUTORELEASING = YES;
				CLANG_WARN_BOOL_CONVERSION = YES;
				CLANG_WARN_COMMA = YES;
				CLANG_WARN_CONSTANT_CONVERSION = YES;
				CLANG_WARN_DEPRECATED_OBJC_IMPLEMENTATIONS = YES;
				CLANG_WARN_DIRECT_OBJC_ISA_USAGE = YES_ERROR;
				CLANG_WARN_DOCUMENTATION_COMMENTS = YES;
				CLANG_WARN_EMPTY_BODY = YES;
				CLANG_WARN_ENUM_CONVERSION = YES;
				CLANG_WARN_INFINITE_RECURSION = YES;
				CLANG_WARN_INT_CONVERSION = YES;
				CLANG_WARN_NON_LITERAL_NULL_CONVERSION = YES;
				CLANG_WARN_OBJC_IMPLICIT_RETAIN_SELF = YES;
				CLANG_WARN_OBJC_LITERAL_CONVERSION = YES;
				CLANG_WARN_OBJC_ROOT_CLASS = YES_ERROR;
				CLANG_WARN_QUOTED_INCLUDE_IN_FRAMEWORK_HEADER = YES;
				CLANG_WARN_RANGE_LOOP_ANALYSIS = YES;
				CLANG_WARN_STRICT_PROTOTYPES = YES;
				CLANG_WARN_SUSPICIOUS_MOVE = YES;
				CLANG_WARN_UNGUARDED_AVAILABILITY = YES_AGGRESSIVE;
				CLANG_WARN_UNREACHABLE_CODE = YES;
				CLANG_WARN__DUPLICATE_METHOD_MATCH = YES;
				COPY_PHASE_STRIP = NO;
				DEBUG_INFORMATION_FORMAT = dwarf;
				ENABLE_STRICT_OBJC_MSGSEND = YES;
				ENABLE_TESTABILITY = YES;
				FRAMEWORK_SEARCH_PATHS = "$(inherited)";
				GCC_C_LANGUAGE_STANDARD = gnu11;
				GCC_DYNAMIC_NO_PIC = NO;
				GCC_NO_COMMON_BLOCKS = YES;
				GCC_OPTIMIZATION_LEVEL = 0;
				GCC_PREPROCESSOR_DEFINITIONS = (
					"DEBUG=1",
					"$(inherited)",
				);
				GCC_WARN_64_TO_32_BIT_CONVERSION = YES;
				GCC_WARN_ABOUT_RETURN_TYPE = YES_ERROR;
				GCC_WARN_UNDECLARED_SELECTOR = YES;
				GCC_WARN_UNINITIALIZED_AUTOS = YES_AGGRESSIVE;
				GCC_WARN_UNUSED_FUNCTION = YES;
				GCC_WARN_UNUSED_VARIABLE = YES;
				HEADER_SEARCH_PATHS = "$(inherited)";
				IPHONEOS_DEPLOYMENT_TARGET = 13.0;
				MTL_ENABLE_DEBUG_INFO = INCLUDE_SOURCE;
				MTL_FAST_MATH = YES;
				ONLY_ACTIVE_ARCH = YES;
				SDKROOT = iphoneos;
				SWIFT_ACTIVE_COMPILATION_CONDITIONS = DEBUG;
				SWIFT_OPTIMIZATION_LEVEL = "-Onone";
			};
			name = Debug;
		};
		4794FA4425C8EAAE005C2284 /* Release */ = {
			isa = XCBuildConfiguration;
			buildSettings = {
				ALWAYS_EMBED_SWIFT_STANDARD_LIBRARIES = "$(inherited)";
				ALWAYS_SEARCH_USER_PATHS = NO;
				CLANG_ANALYZER_NONNULL = YES;
				CLANG_ANALYZER_NUMBER_OBJECT_CONVERSION = YES_AGGRESSIVE;
				CLANG_CXX_LANGUAGE_STANDARD = "gnu++14";
				CLANG_CXX_LIBRARY = "libc++";
				CLANG_ENABLE_MODULES = YES;
				CLANG_ENABLE_OBJC_ARC = YES;
				CLANG_ENABLE_OBJC_WEAK = YES;
				CLANG_WARN_BLOCK_CAPTURE_AUTORELEASING = YES;
				CLANG_WARN_BOOL_CONVERSION = YES;
				CLANG_WARN_COMMA = YES;
				CLANG_WARN_CONSTANT_CONVERSION = YES;
				CLANG_WARN_DEPRECATED_OBJC_IMPLEMENTATIONS = YES;
				CLANG_WARN_DIRECT_OBJC_ISA_USAGE = YES_ERROR;
				CLANG_WARN_DOCUMENTATION_COMMENTS = YES;
				CLANG_WARN_EMPTY_BODY = YES;
				CLANG_WARN_ENUM_CONVERSION = YES;
				CLANG_WARN_INFINITE_RECURSION = YES;
				CLANG_WARN_INT_CONVERSION = YES;
				CLANG_WARN_NON_LITERAL_NULL_CONVERSION = YES;
				CLANG_WARN_OBJC_IMPLICIT_RETAIN_SELF = YES;
				CLANG_WARN_OBJC_LITERAL_CONVERSION = YES;
				CLANG_WARN_OBJC_ROOT_CLASS = YES_ERROR;
				CLANG_WARN_QUOTED_INCLUDE_IN_FRAMEWORK_HEADER = YES;
				CLANG_WARN_RANGE_LOOP_ANALYSIS = YES;
				CLANG_WARN_STRICT_PROTOTYPES = YES;
				CLANG_WARN_SUSPICIOUS_MOVE = YES;
				CLANG_WARN_UNGUARDED_AVAILABILITY = YES_AGGRESSIVE;
				CLANG_WARN_UNREACHABLE_CODE = YES;
				CLANG_WARN__DUPLICATE_METHOD_MATCH = YES;
				COPY_PHASE_STRIP = NO;
				DEBUG_INFORMATION_FORMAT = "dwarf-with-dsym";
				ENABLE_NS_ASSERTIONS = NO;
				ENABLE_STRICT_OBJC_MSGSEND = YES;
				FRAMEWORK_SEARCH_PATHS = "$(inherited)";
				GCC_C_LANGUAGE_STANDARD = gnu11;
				GCC_NO_COMMON_BLOCKS = YES;
				GCC_WARN_64_TO_32_BIT_CONVERSION = YES;
				GCC_WARN_ABOUT_RETURN_TYPE = YES_ERROR;
				GCC_WARN_UNDECLARED_SELECTOR = YES;
				GCC_WARN_UNINITIALIZED_AUTOS = YES_AGGRESSIVE;
				GCC_WARN_UNUSED_FUNCTION = YES;
				GCC_WARN_UNUSED_VARIABLE = YES;
				HEADER_SEARCH_PATHS = "$(inherited)";
				IPHONEOS_DEPLOYMENT_TARGET = 13.0;
				MTL_ENABLE_DEBUG_INFO = NO;
				MTL_FAST_MATH = YES;
				SDKROOT = iphoneos;
				SWIFT_COMPILATION_MODE = wholemodule;
				SWIFT_OPTIMIZATION_LEVEL = "-O";
				VALIDATE_PRODUCT = YES;
			};
			name = Release;
		};
		4794FA4625C8EAAE005C2284 /* Debug */ = {
			isa = XCBuildConfiguration;
			baseConfigurationReference = 9258743042598E0B7170183E /* Pods-BlackMarket.debug.xcconfig */;
			buildSettings = {
				ASSETCATALOG_COMPILER_APPICON_NAME = AppIcon;
				ASSETCATALOG_COMPILER_GLOBAL_ACCENT_COLOR_NAME = AccentColor;
				CODE_SIGN_STYLE = Automatic;
				DEVELOPMENT_TEAM = 77M4HH73F6;
				INFOPLIST_FILE = BlackMarket/Info.plist;
				LD_RUNPATH_SEARCH_PATHS = (
					"$(inherited)",
					"@executable_path/Frameworks",
				);
				PRODUCT_BUNDLE_IDENTIFIER = com.bronzy.BlackMarket;
				PRODUCT_NAME = "$(TARGET_NAME)";
				SWIFT_VERSION = 5.0;
				TARGETED_DEVICE_FAMILY = "1,2";
			};
			name = Debug;
		};
		4794FA4725C8EAAE005C2284 /* Release */ = {
			isa = XCBuildConfiguration;
			baseConfigurationReference = 9E3C996561A5E14BE7A9E73B /* Pods-BlackMarket.release.xcconfig */;
			buildSettings = {
				ASSETCATALOG_COMPILER_APPICON_NAME = AppIcon;
				ASSETCATALOG_COMPILER_GLOBAL_ACCENT_COLOR_NAME = AccentColor;
				CODE_SIGN_STYLE = Automatic;
				DEVELOPMENT_TEAM = 77M4HH73F6;
				INFOPLIST_FILE = BlackMarket/Info.plist;
				LD_RUNPATH_SEARCH_PATHS = (
					"$(inherited)",
					"@executable_path/Frameworks",
				);
				ONLY_ACTIVE_ARCH = YES;
				PRODUCT_BUNDLE_IDENTIFIER = com.bronzy.BlackMarket;
				PRODUCT_NAME = "$(TARGET_NAME)";
				SWIFT_VERSION = 5.0;
				TARGETED_DEVICE_FAMILY = "1,2";
			};
			name = Release;
		};
		4794FA4925C8EAAE005C2284 /* Debug */ = {
			isa = XCBuildConfiguration;
			baseConfigurationReference = D39E2271CF0C20D63FAF3F62 /* Pods-BlackMarketTests.debug.xcconfig */;
			buildSettings = {
				BUNDLE_LOADER = "$(TEST_HOST)";
				CODE_SIGN_STYLE = Automatic;
				DEVELOPMENT_TEAM = 77M4HH73F6;
				INFOPLIST_FILE = BlackMarketTests/Info.plist;
				IPHONEOS_DEPLOYMENT_TARGET = 14.2;
				LD_RUNPATH_SEARCH_PATHS = (
					"$(inherited)",
					"@executable_path/Frameworks",
					"@loader_path/Frameworks",
				);
				PRODUCT_BUNDLE_IDENTIFIER = com.bronzy.BlackMarketTests;
				PRODUCT_NAME = "$(TARGET_NAME)";
				SWIFT_VERSION = 5.0;
				TARGETED_DEVICE_FAMILY = "1,2";
				TEST_HOST = "$(BUILT_PRODUCTS_DIR)/BlackMarket.app/BlackMarket";
			};
			name = Debug;
		};
		4794FA4A25C8EAAE005C2284 /* Release */ = {
			isa = XCBuildConfiguration;
			baseConfigurationReference = 225B7D83ECE5CFAB92123E7E /* Pods-BlackMarketTests.release.xcconfig */;
			buildSettings = {
				BUNDLE_LOADER = "$(TEST_HOST)";
				CODE_SIGN_STYLE = Automatic;
				DEVELOPMENT_TEAM = 77M4HH73F6;
				INFOPLIST_FILE = BlackMarketTests/Info.plist;
				IPHONEOS_DEPLOYMENT_TARGET = 14.2;
				LD_RUNPATH_SEARCH_PATHS = (
					"$(inherited)",
					"@executable_path/Frameworks",
					"@loader_path/Frameworks",
				);
				PRODUCT_BUNDLE_IDENTIFIER = com.bronzy.BlackMarketTests;
				PRODUCT_NAME = "$(TARGET_NAME)";
				SWIFT_VERSION = 5.0;
				TARGETED_DEVICE_FAMILY = "1,2";
				TEST_HOST = "$(BUILT_PRODUCTS_DIR)/BlackMarket.app/BlackMarket";
			};
			name = Release;
		};
		4794FA4C25C8EAAE005C2284 /* Debug */ = {
			isa = XCBuildConfiguration;
			baseConfigurationReference = 9DBF5940C419CEB3E2280421 /* Pods-BlackMarket-BlackMarketUITests.debug.xcconfig */;
			buildSettings = {
				CODE_SIGN_STYLE = Automatic;
				DEVELOPMENT_TEAM = 77M4HH73F6;
				INFOPLIST_FILE = BlackMarketUITests/Info.plist;
				LD_RUNPATH_SEARCH_PATHS = (
					"$(inherited)",
					"@executable_path/Frameworks",
					"@loader_path/Frameworks",
				);
				PRODUCT_BUNDLE_IDENTIFIER = com.bronzy.BlackMarketUITests;
				PRODUCT_NAME = "$(TARGET_NAME)";
				SWIFT_VERSION = 5.0;
				TARGETED_DEVICE_FAMILY = "1,2";
				TEST_TARGET_NAME = BlackMarket;
			};
			name = Debug;
		};
		4794FA4D25C8EAAE005C2284 /* Release */ = {
			isa = XCBuildConfiguration;
			baseConfigurationReference = 58F9C2A77D59B8F0D68C821B /* Pods-BlackMarket-BlackMarketUITests.release.xcconfig */;
			buildSettings = {
				CODE_SIGN_STYLE = Automatic;
				DEVELOPMENT_TEAM = 77M4HH73F6;
				INFOPLIST_FILE = BlackMarketUITests/Info.plist;
				LD_RUNPATH_SEARCH_PATHS = (
					"$(inherited)",
					"@executable_path/Frameworks",
					"@loader_path/Frameworks",
				);
				PRODUCT_BUNDLE_IDENTIFIER = com.bronzy.BlackMarketUITests;
				PRODUCT_NAME = "$(TARGET_NAME)";
				SWIFT_VERSION = 5.0;
				TARGETED_DEVICE_FAMILY = "1,2";
				TEST_TARGET_NAME = BlackMarket;
			};
			name = Release;
		};
/* End XCBuildConfiguration section */

/* Begin XCConfigurationList section */
		4794FA1625C8EAAB005C2284 /* Build configuration list for PBXProject "BlackMarket" */ = {
			isa = XCConfigurationList;
			buildConfigurations = (
				4794FA4325C8EAAE005C2284 /* Debug */,
				4794FA4425C8EAAE005C2284 /* Release */,
			);
			defaultConfigurationIsVisible = 0;
			defaultConfigurationName = Release;
		};
		4794FA4525C8EAAE005C2284 /* Build configuration list for PBXNativeTarget "BlackMarket" */ = {
			isa = XCConfigurationList;
			buildConfigurations = (
				4794FA4625C8EAAE005C2284 /* Debug */,
				4794FA4725C8EAAE005C2284 /* Release */,
			);
			defaultConfigurationIsVisible = 0;
			defaultConfigurationName = Release;
		};
		4794FA4825C8EAAE005C2284 /* Build configuration list for PBXNativeTarget "BlackMarketTests" */ = {
			isa = XCConfigurationList;
			buildConfigurations = (
				4794FA4925C8EAAE005C2284 /* Debug */,
				4794FA4A25C8EAAE005C2284 /* Release */,
			);
			defaultConfigurationIsVisible = 0;
			defaultConfigurationName = Release;
		};
		4794FA4B25C8EAAE005C2284 /* Build configuration list for PBXNativeTarget "BlackMarketUITests" */ = {
			isa = XCConfigurationList;
			buildConfigurations = (
				4794FA4C25C8EAAE005C2284 /* Debug */,
				4794FA4D25C8EAAE005C2284 /* Release */,
			);
			defaultConfigurationIsVisible = 0;
			defaultConfigurationName = Release;
		};
/* End XCConfigurationList section */
	};
	rootObject = 4794FA1325C8EAAB005C2284 /* Project object */;
}
